
Microsoft Visual Studio Solution File, Format Version 12.00
# Visual Studio Version 17
VisualStudioVersion = 17.10.34928.147
MinimumVisualStudioVersion = 10.0.40219.1
Project("{FAE04EC0-301F-11D3-BF4B-00C04F79EFBC}") = "marks system", "marks system\marks system.csproj", "{04F797D3-D123-419E-8D12-58F3B1B6F82A}"
EndProject
Global
	GlobalSection(SolutionConfigurationPlatforms) = preSolution
		Debug|Any CPU = Debug|Any CPU
		Release|Any CPU = Release|Any CPU
	EndGlobalSection
	GlobalSection(ProjectConfigurationPlatforms) = postSolution
		{04F797D3-D123-419E-8D12-58F3B1B6F82A}.Debug|Any CPU.ActiveCfg = Debug|Any CPU
		{04F797D3-D123-419E-8D12-58F3B1B6F82A}.Debug|Any CPU.Build.0 = Debug|Any CPU
		{04F797D3-D123-419E-8D12-58F3B1B6F82A}.Release|Any CPU.ActiveCfg = Release|Any CPU
		{04F797D3-D123-419E-8D12-58F3B1B6F82A}.Release|Any CPU.Build.0 = Release|Any CPU
	EndGlobalSection
	GlobalSection(SolutionProperties) = preSolution
		HideSolutionNode = FALSE
	EndGlobalSection
	GlobalSection(ExtensibilityGlobals) = postSolution
		SolutionGuid = {47D06E9B-CDD3-4949-9B1E-82FA9F5C3D17}
	EndGlobalSection
EndGlobal
